{
  "name": "bfg-node",
  "version": "1.0.5",
  "lockfileVersion": 1,
  "requires": true,
  "dependencies": {
    "bfg-js": {
      "version": "1.0.4",
      "resolved": "https://registry.npmjs.org/bfg-js/-/bfg-js-1.0.4.tgz",
      "integrity": "sha512-JJPV/lvBR7khrAb6cuvGqkUieKDzYJZEKdRU//5WCGscEotmk3E2Myg/1ADgjsjtjFNoycDS5MOG2XETFnM+aA=="
    }
  }
}
